{
  "lib/chainlink-evm": {
    "tag": {
      "name": "contracts-v1.4.0",
      "rev": "e06cc226086ad91cfede63e96c63e5b3440c9801"
    }
  },
  "lib/forge-std": {
    "tag": {
      "name": "v1.16.1",
      "rev": "620536fa5277db4e3fd46772d5cbc1ea0696fb43"
    }
  },
  "lib/solmate": {
    "tag": {
      "name": "v6",
      "rev": "a9e3ea26a2dc73bfa87f0cb189687d029028e0c5"
    }
  }
}